
Microsoft Visual Studio Solution File, Format Version 12.00
# Visual Studio Version 17
VisualStudioVersion = 17.1.32414.318
MinimumVisualStudioVersion = 10.0.40219.1
Project("{FAE04EC0-301F-11D3-BF4B-00C04F79EFBC}") = "WeatherManager", "WeatherManager\WeatherManager.csproj", "{A57C3E27-5C56-46FB-AD74-8863B58C665E}"
EndProject
Global
	GlobalSection(SolutionConfigurationPlatforms) = preSolution
		Debug|Any CPU = Debug|Any CPU
		Release|Any CPU = Release|Any CPU
	EndGlobalSection
	GlobalSection(ProjectConfigurationPlatforms) = postSolution
		{A57C3E27-5C56-46FB-AD74-8863B58C665E}.Debug|Any CPU.ActiveCfg = Debug|Any CPU
		{A57C3E27-5C56-46FB-AD74-8863B58C665E}.Debug|Any CPU.Build.0 = Debug|Any CPU
		{A57C3E27-5C56-46FB-AD74-8863B58C665E}.Release|Any CPU.ActiveCfg = Release|Any CPU
		{A57C3E27-5C56-46FB-AD74-8863B58C665E}.Release|Any CPU.Build.0 = Release|Any CPU
	EndGlobalSection
	GlobalSection(SolutionProperties) = preSolution
		HideSolutionNode = FALSE
	EndGlobalSection
	GlobalSection(ExtensibilityGlobals) = postSolution
		SolutionGuid = {BEB97A23-847A-4756-82E5-5BE0051D28F7}
	EndGlobalSection
EndGlobal
